
Microsoft Visual Studio Solution File, Format Version 12.00
# Visual Studio Version 16
VisualStudioVersion = 16.0.30011.22
MinimumVisualStudioVersion = 10.0.40219.1
Project("{FAE04EC0-301F-11D3-BF4B-00C04F79EFBC}") = "UserAuth", "UserAuth\UserAuth.csproj", "{6064405A-7F46-4904-9BAE-9F176D713999}"
EndProject
Global
	GlobalSection(SolutionConfigurationPlatforms) = preSolution
		Debug|Any CPU = Debug|Any CPU
		Release|Any CPU = Release|Any CPU
	EndGlobalSection
	GlobalSection(ProjectConfigurationPlatforms) = postSolution
		{6064405A-7F46-4904-9BAE-9F176D713999}.Debug|Any CPU.ActiveCfg = Debug|Any CPU
		{6064405A-7F46-4904-9BAE-9F176D713999}.Debug|Any CPU.Build.0 = Debug|Any CPU
		{6064405A-7F46-4904-9BAE-9F176D713999}.Release|Any CPU.ActiveCfg = Release|Any CPU
		{6064405A-7F46-4904-9BAE-9F176D713999}.Release|Any CPU.Build.0 = Release|Any CPU
	EndGlobalSection
	GlobalSection(SolutionProperties) = preSolution
		HideSolutionNode = FALSE
	EndGlobalSection
	GlobalSection(ExtensibilityGlobals) = postSolution
		SolutionGuid = {5291E2DF-1957-4698-9F96-468F087620FE}
	EndGlobalSection
EndGlobal
